<Solution>
  <Folder Name="/src/">
    <Project Path="src/Agent.Acp/Agent.Acp.csproj" />
  </Folder>
  <Folder Name="/tests/">
    <Project Path="tests/Agent.Acp.Tests/Agent.Acp.Tests.csproj" />
  </Folder>
  <Folder Name="/tools/">
    <Project Path="tools/Agent.Acp.TypeGen/Agent.Acp.TypeGen.csproj" />
    <Project Path="tools/Agent.Acp.UnionGen/Agent.Acp.UnionGen.csproj" />
  </Folder>
</Solution>
